
Microsoft Visual Studio Solution File, Format Version 12.00
# Visual Studio Version 17
VisualStudioVersion = 17.2.32630.192
MinimumVisualStudioVersion = 10.0.40219.1
Project("{FAE04EC0-301F-11D3-BF4B-00C04F79EFBC}") = "egg catcher game", "egg catcher game.csproj", "{36183F03-1084-4FC8-986F-2085E4A9AA3C}"
EndProject
Global
	GlobalSection(SolutionConfigurationPlatforms) = preSolution
		Debug|Any CPU = Debug|Any CPU
		Release|Any CPU = Release|Any CPU
	EndGlobalSection
	GlobalSection(ProjectConfigurationPlatforms) = postSolution
		{36183F03-1084-4FC8-986F-2085E4A9AA3C}.Debug|Any CPU.ActiveCfg = Debug|Any CPU
		{36183F03-1084-4FC8-986F-2085E4A9AA3C}.Debug|Any CPU.Build.0 = Debug|Any CPU
		{36183F03-1084-4FC8-986F-2085E4A9AA3C}.Release|Any CPU.ActiveCfg = Release|Any CPU
		{36183F03-1084-4FC8-986F-2085E4A9AA3C}.Release|Any CPU.Build.0 = Release|Any CPU
	EndGlobalSection
	GlobalSection(SolutionProperties) = preSolution
		HideSolutionNode = FALSE
	EndGlobalSection
	GlobalSection(ExtensibilityGlobals) = postSolution
		SolutionGuid = {B8528BC7-9ADB-4DA8-951F-22CD0F7A67FF}
	EndGlobalSection
EndGlobal
